
Microsoft Visual Studio Solution File, Format Version 12.00
# Visual Studio Version 17
VisualStudioVersion = 17.5.33424.131
MinimumVisualStudioVersion = 10.0.40219.1
Project("{FAE04EC0-301F-11D3-BF4B-00C04F79EFBC}") = "Calc", "Calc.csproj", "{EB4DF69F-5717-4177-9D7C-2A8996ABBEFA}"
EndProject
Project("{FAE04EC0-301F-11D3-BF4B-00C04F79EFBC}") = "Calc.Test", "..\Calc.Test\Calc.Test.csproj", "{2CDE0493-39AB-4D34-87FD-19CCE513B315}"
EndProject
Global
	GlobalSection(SolutionConfigurationPlatforms) = preSolution
		Debug|Any CPU = Debug|Any CPU
		Release|Any CPU = Release|Any CPU
	EndGlobalSection
	GlobalSection(ProjectConfigurationPlatforms) = postSolution
		{EB4DF69F-5717-4177-9D7C-2A8996ABBEFA}.Debug|Any CPU.ActiveCfg = Debug|Any CPU
		{EB4DF69F-5717-4177-9D7C-2A8996ABBEFA}.Debug|Any CPU.Build.0 = Debug|Any CPU
		{EB4DF69F-5717-4177-9D7C-2A8996ABBEFA}.Release|Any CPU.ActiveCfg = Release|Any CPU
		{EB4DF69F-5717-4177-9D7C-2A8996ABBEFA}.Release|Any CPU.Build.0 = Release|Any CPU
		{2CDE0493-39AB-4D34-87FD-19CCE513B315}.Debug|Any CPU.ActiveCfg = Debug|Any CPU
		{2CDE0493-39AB-4D34-87FD-19CCE513B315}.Debug|Any CPU.Build.0 = Debug|Any CPU
		{2CDE0493-39AB-4D34-87FD-19CCE513B315}.Release|Any CPU.ActiveCfg = Release|Any CPU
		{2CDE0493-39AB-4D34-87FD-19CCE513B315}.Release|Any CPU.Build.0 = Release|Any CPU
	EndGlobalSection
	GlobalSection(SolutionProperties) = preSolution
		HideSolutionNode = FALSE
	EndGlobalSection
	GlobalSection(ExtensibilityGlobals) = postSolution
		SolutionGuid = {6023AE2E-96BF-4FC8-83E6-F14986E5A7F8}
	EndGlobalSection
EndGlobal
